
Microsoft Visual Studio Solution File, Format Version 12.00
# Visual Studio Version 17
VisualStudioVersion = 17.7.34302.85
MinimumVisualStudioVersion = 10.0.40219.1
Project("{FAE04EC0-301F-11D3-BF4B-00C04F79EFBC}") = "TETSTZTTESTETSTETS", "TETSTZTTESTETSTETS\TETSTZTTESTETSTETS.csproj", "{1927D554-4412-4201-A19F-8BD00F7047DD}"
EndProject
Global
	GlobalSection(SolutionConfigurationPlatforms) = preSolution
		Debug|Any CPU = Debug|Any CPU
		Release|Any CPU = Release|Any CPU
	EndGlobalSection
	GlobalSection(ProjectConfigurationPlatforms) = postSolution
		{1927D554-4412-4201-A19F-8BD00F7047DD}.Debug|Any CPU.ActiveCfg = Debug|Any CPU
		{1927D554-4412-4201-A19F-8BD00F7047DD}.Debug|Any CPU.Build.0 = Debug|Any CPU
		{1927D554-4412-4201-A19F-8BD00F7047DD}.Release|Any CPU.ActiveCfg = Release|Any CPU
		{1927D554-4412-4201-A19F-8BD00F7047DD}.Release|Any CPU.Build.0 = Release|Any CPU
	EndGlobalSection
	GlobalSection(SolutionProperties) = preSolution
		HideSolutionNode = FALSE
	EndGlobalSection
	GlobalSection(ExtensibilityGlobals) = postSolution
		SolutionGuid = {67DA21B1-3351-4029-90E9-8961CC40828B}
	EndGlobalSection
EndGlobal
