
Microsoft Visual Studio Solution File, Format Version 12.00
# Visual Studio Version 17
VisualStudioVersion = 17.7.34221.43
MinimumVisualStudioVersion = 10.0.40219.1
Project("{FAE04EC0-301F-11D3-BF4B-00C04F79EFBC}") = "Rectangle", "Rectangle\Rectangle.csproj", "{C92C42E4-0ADD-4633-8E49-DEBAB843B39A}"
EndProject
Global
	GlobalSection(SolutionConfigurationPlatforms) = preSolution
		Debug|Any CPU = Debug|Any CPU
		Release|Any CPU = Release|Any CPU
	EndGlobalSection
	GlobalSection(ProjectConfigurationPlatforms) = postSolution
		{C92C42E4-0ADD-4633-8E49-DEBAB843B39A}.Debug|Any CPU.ActiveCfg = Debug|Any CPU
		{C92C42E4-0ADD-4633-8E49-DEBAB843B39A}.Debug|Any CPU.Build.0 = Debug|Any CPU
		{C92C42E4-0ADD-4633-8E49-DEBAB843B39A}.Release|Any CPU.ActiveCfg = Release|Any CPU
		{C92C42E4-0ADD-4633-8E49-DEBAB843B39A}.Release|Any CPU.Build.0 = Release|Any CPU
	EndGlobalSection
	GlobalSection(SolutionProperties) = preSolution
		HideSolutionNode = FALSE
	EndGlobalSection
	GlobalSection(ExtensibilityGlobals) = postSolution
		SolutionGuid = {78CD1A51-45BD-486B-979B-3DB797544C62}
	EndGlobalSection
EndGlobal
