
Microsoft Visual Studio Solution File, Format Version 12.00
# Visual Studio Version 17
VisualStudioVersion = 17.7.34221.43
MinimumVisualStudioVersion = 10.0.40219.1
Project("{FAE04EC0-301F-11D3-BF4B-00C04F79EFBC}") = "Salaireetcie", "Salaireetcie\Salaireetcie.csproj", "{B66CB6CC-34D9-461F-BF00-F64CA3629AA0}"
EndProject
Global
	GlobalSection(SolutionConfigurationPlatforms) = preSolution
		Debug|Any CPU = Debug|Any CPU
		Release|Any CPU = Release|Any CPU
	EndGlobalSection
	GlobalSection(ProjectConfigurationPlatforms) = postSolution
		{B66CB6CC-34D9-461F-BF00-F64CA3629AA0}.Debug|Any CPU.ActiveCfg = Debug|Any CPU
		{B66CB6CC-34D9-461F-BF00-F64CA3629AA0}.Debug|Any CPU.Build.0 = Debug|Any CPU
		{B66CB6CC-34D9-461F-BF00-F64CA3629AA0}.Release|Any CPU.ActiveCfg = Release|Any CPU
		{B66CB6CC-34D9-461F-BF00-F64CA3629AA0}.Release|Any CPU.Build.0 = Release|Any CPU
	EndGlobalSection
	GlobalSection(SolutionProperties) = preSolution
		HideSolutionNode = FALSE
	EndGlobalSection
	GlobalSection(ExtensibilityGlobals) = postSolution
		SolutionGuid = {AEC557CE-60F1-4A9A-B2C0-B3DC1F3C9BAC}
	EndGlobalSection
EndGlobal
