
Microsoft Visual Studio Solution File, Format Version 12.00
# Visual Studio Version 17
VisualStudioVersion = 17.7.34221.43
MinimumVisualStudioVersion = 10.0.40219.1
Project("{9A19103F-16F7-4668-BE54-9A1E7A4F7556}") = "Employe", "Employe\Employe.csproj", "{F171925C-B350-40FD-910F-69F77E5106D3}"
EndProject
Global
	GlobalSection(SolutionConfigurationPlatforms) = preSolution
		Debug|Any CPU = Debug|Any CPU
		Release|Any CPU = Release|Any CPU
	EndGlobalSection
	GlobalSection(ProjectConfigurationPlatforms) = postSolution
		{F171925C-B350-40FD-910F-69F77E5106D3}.Debug|Any CPU.ActiveCfg = Debug|Any CPU
		{F171925C-B350-40FD-910F-69F77E5106D3}.Debug|Any CPU.Build.0 = Debug|Any CPU
		{F171925C-B350-40FD-910F-69F77E5106D3}.Release|Any CPU.ActiveCfg = Release|Any CPU
		{F171925C-B350-40FD-910F-69F77E5106D3}.Release|Any CPU.Build.0 = Release|Any CPU
	EndGlobalSection
	GlobalSection(SolutionProperties) = preSolution
		HideSolutionNode = FALSE
	EndGlobalSection
	GlobalSection(ExtensibilityGlobals) = postSolution
		SolutionGuid = {F227884C-D5DB-4DD2-B0E9-07231413EAE9}
	EndGlobalSection
EndGlobal
