
Microsoft Visual Studio Solution File, Format Version 12.00
# Visual Studio Version 17
VisualStudioVersion = 17.7.34302.85
MinimumVisualStudioVersion = 10.0.40219.1
Project("{FAE04EC0-301F-11D3-BF4B-00C04F79EFBC}") = "GestionCrudMultiFenetre", "GestionCrudMultiFenetre\GestionCrudMultiFenetre.csproj", "{6F79DB87-D3EB-4028-939D-E48F13BC2626}"
EndProject
Global
	GlobalSection(SolutionConfigurationPlatforms) = preSolution
		Debug|Any CPU = Debug|Any CPU
		Release|Any CPU = Release|Any CPU
	EndGlobalSection
	GlobalSection(ProjectConfigurationPlatforms) = postSolution
		{6F79DB87-D3EB-4028-939D-E48F13BC2626}.Debug|Any CPU.ActiveCfg = Debug|Any CPU
		{6F79DB87-D3EB-4028-939D-E48F13BC2626}.Debug|Any CPU.Build.0 = Debug|Any CPU
		{6F79DB87-D3EB-4028-939D-E48F13BC2626}.Release|Any CPU.ActiveCfg = Release|Any CPU
		{6F79DB87-D3EB-4028-939D-E48F13BC2626}.Release|Any CPU.Build.0 = Release|Any CPU
	EndGlobalSection
	GlobalSection(SolutionProperties) = preSolution
		HideSolutionNode = FALSE
	EndGlobalSection
	GlobalSection(ExtensibilityGlobals) = postSolution
		SolutionGuid = {BEA23344-0050-4324-BC8A-7FE26F13291D}
	EndGlobalSection
EndGlobal
