
Microsoft Visual Studio Solution File, Format Version 12.00
# Visual Studio Version 17
VisualStudioVersion = 17.7.34221.43
MinimumVisualStudioVersion = 10.0.40219.1
Project("{FAE04EC0-301F-11D3-BF4B-00C04F79EFBC}") = "wpfOrgaecr", "wpfOrgaecr\wpfOrgaecr.csproj", "{7926A5E1-2A5D-4434-AEC5-86C01C4BF43F}"
EndProject
Global
	GlobalSection(SolutionConfigurationPlatforms) = preSolution
		Debug|Any CPU = Debug|Any CPU
		Release|Any CPU = Release|Any CPU
	EndGlobalSection
	GlobalSection(ProjectConfigurationPlatforms) = postSolution
		{7926A5E1-2A5D-4434-AEC5-86C01C4BF43F}.Debug|Any CPU.ActiveCfg = Debug|Any CPU
		{7926A5E1-2A5D-4434-AEC5-86C01C4BF43F}.Debug|Any CPU.Build.0 = Debug|Any CPU
		{7926A5E1-2A5D-4434-AEC5-86C01C4BF43F}.Release|Any CPU.ActiveCfg = Release|Any CPU
		{7926A5E1-2A5D-4434-AEC5-86C01C4BF43F}.Release|Any CPU.Build.0 = Release|Any CPU
	EndGlobalSection
	GlobalSection(SolutionProperties) = preSolution
		HideSolutionNode = FALSE
	EndGlobalSection
	GlobalSection(ExtensibilityGlobals) = postSolution
		SolutionGuid = {C301D997-39EB-480E-B374-76985FD4BDF5}
	EndGlobalSection
EndGlobal
