
Microsoft Visual Studio Solution File, Format Version 12.00
# Visual Studio Version 17
VisualStudioVersion = 17.7.34221.43
MinimumVisualStudioVersion = 10.0.40219.1
Project("{FAE04EC0-301F-11D3-BF4B-00C04F79EFBC}") = "wpfexo4", "wpfexo4\wpfexo4.csproj", "{DA417465-DDF3-4BAC-B570-3AA1956AD1AA}"
EndProject
Global
	GlobalSection(SolutionConfigurationPlatforms) = preSolution
		Debug|Any CPU = Debug|Any CPU
		Release|Any CPU = Release|Any CPU
	EndGlobalSection
	GlobalSection(ProjectConfigurationPlatforms) = postSolution
		{DA417465-DDF3-4BAC-B570-3AA1956AD1AA}.Debug|Any CPU.ActiveCfg = Debug|Any CPU
		{DA417465-DDF3-4BAC-B570-3AA1956AD1AA}.Debug|Any CPU.Build.0 = Debug|Any CPU
		{DA417465-DDF3-4BAC-B570-3AA1956AD1AA}.Release|Any CPU.ActiveCfg = Release|Any CPU
		{DA417465-DDF3-4BAC-B570-3AA1956AD1AA}.Release|Any CPU.Build.0 = Release|Any CPU
	EndGlobalSection
	GlobalSection(SolutionProperties) = preSolution
		HideSolutionNode = FALSE
	EndGlobalSection
	GlobalSection(ExtensibilityGlobals) = postSolution
		SolutionGuid = {3C10C0FC-62CA-469F-B002-C867A54C5FB4}
	EndGlobalSection
EndGlobal
