
Microsoft Visual Studio Solution File, Format Version 12.00
# Visual Studio Version 17
VisualStudioVersion = 17.7.34302.85
MinimumVisualStudioVersion = 10.0.40219.1
Project("{FAE04EC0-301F-11D3-BF4B-00C04F79EFBC}") = "API crud", "API crud\API crud.csproj", "{CFBD7D0C-2105-4D2E-8DA7-F9BE5B00128B}"
EndProject
Global
	GlobalSection(SolutionConfigurationPlatforms) = preSolution
		Debug|Any CPU = Debug|Any CPU
		Release|Any CPU = Release|Any CPU
	EndGlobalSection
	GlobalSection(ProjectConfigurationPlatforms) = postSolution
		{CFBD7D0C-2105-4D2E-8DA7-F9BE5B00128B}.Debug|Any CPU.ActiveCfg = Debug|Any CPU
		{CFBD7D0C-2105-4D2E-8DA7-F9BE5B00128B}.Debug|Any CPU.Build.0 = Debug|Any CPU
		{CFBD7D0C-2105-4D2E-8DA7-F9BE5B00128B}.Release|Any CPU.ActiveCfg = Release|Any CPU
		{CFBD7D0C-2105-4D2E-8DA7-F9BE5B00128B}.Release|Any CPU.Build.0 = Release|Any CPU
	EndGlobalSection
	GlobalSection(SolutionProperties) = preSolution
		HideSolutionNode = FALSE
	EndGlobalSection
	GlobalSection(ExtensibilityGlobals) = postSolution
		SolutionGuid = {284A733C-F04C-4184-93DF-80AEE4BB82C8}
	EndGlobalSection
EndGlobal
