
Microsoft Visual Studio Solution File, Format Version 12.00
# Visual Studio Version 17
VisualStudioVersion = 17.7.34302.85
MinimumVisualStudioVersion = 10.0.40219.1
Project("{FAE04EC0-301F-11D3-BF4B-00C04F79EFBC}") = "Accesauxdonnees2", "Accesauxdonnees2\Accesauxdonnees2.csproj", "{101EAA54-F12B-4EC7-8F58-1CEB9D88F8F5}"
EndProject
Global
	GlobalSection(SolutionConfigurationPlatforms) = preSolution
		Debug|Any CPU = Debug|Any CPU
		Release|Any CPU = Release|Any CPU
	EndGlobalSection
	GlobalSection(ProjectConfigurationPlatforms) = postSolution
		{101EAA54-F12B-4EC7-8F58-1CEB9D88F8F5}.Debug|Any CPU.ActiveCfg = Debug|Any CPU
		{101EAA54-F12B-4EC7-8F58-1CEB9D88F8F5}.Debug|Any CPU.Build.0 = Debug|Any CPU
		{101EAA54-F12B-4EC7-8F58-1CEB9D88F8F5}.Release|Any CPU.ActiveCfg = Release|Any CPU
		{101EAA54-F12B-4EC7-8F58-1CEB9D88F8F5}.Release|Any CPU.Build.0 = Release|Any CPU
	EndGlobalSection
	GlobalSection(SolutionProperties) = preSolution
		HideSolutionNode = FALSE
	EndGlobalSection
	GlobalSection(ExtensibilityGlobals) = postSolution
		SolutionGuid = {668F7E7C-D336-40BC-87EB-43A56179A516}
	EndGlobalSection
EndGlobal
